// !$*UTF8*$!
{
	archiveVersion = 1;
	classes = {
	};
	objectVersion = 55;
	objects = {

/* Begin PBXBuildFile section */
		7179407E2719BAEA00736F44 /* AppDelegate.swift in Sources */ = {isa = PBXBuildFile; fileRef = 7179407D2719BAEA00736F44 /* AppDelegate.swift */; };
		717940802719BAEA00736F44 /* SceneDelegate.swift in Sources */ = {isa = PBXBuildFile; fileRef = 7179407F2719BAEA00736F44 /* SceneDelegate.swift */; };
		717940822719BAEA00736F44 /* ViewController.swift in Sources */ = {isa = PBXBuildFile; fileRef = 717940812719BAEA00736F44 /* ViewController.swift */; };
		717940852719BAEA00736F44 /* Main.storyboard in Resources */ = {isa = PBXBuildFile; fileRef = 717940832719BAEA00736F44 /* Main.storyboard */; };
		717940872719BAEC00736F44 /* Assets.xcassets in Resources */ = {isa = PBXBuildFile; fileRef = 717940862719BAEC00736F44 /* Assets.xcassets */; };
		7179408A2719BAEC00736F44 /* LaunchScreen.storyboard in Resources */ = {isa = PBXBuildFile; fileRef = 717940882719BAEC00736F44 /* LaunchScreen.storyboard */; };
		717940952719BAEC00736F44 /* FireChatTests.swift in Sources */ = {isa = PBXBuildFile; fileRef = 717940942719BAEC00736F44 /* FireChatTests.swift */; };
		7179409F2719BAEC00736F44 /* FireChatUITests.swift in Sources */ = {isa = PBXBuildFile; fileRef = 7179409E2719BAEC00736F44 /* FireChatUITests.swift */; };
		717940A12719BAEC00736F44 /* FireChatUITestsLaunchTests.swift in Sources */ = {isa = PBXBuildFile; fileRef = 717940A02719BAEC00736F44 /* FireChatUITestsLaunchTests.swift */; };
		717940B42719BB9900736F44 /* ConversationsController.swift in Sources */ = {isa = PBXBuildFile; fileRef = 717940B32719BB9900736F44 /* ConversationsController.swift */; };
		717940B7271A2EB600736F44 /* LoginController.swift in Sources */ = {isa = PBXBuildFile; fileRef = 717940B6271A2EB600736F44 /* LoginController.swift */; };
		717940B9271A2EC400736F44 /* RegistrationController.swift in Sources */ = {isa = PBXBuildFile; fileRef = 717940B8271A2EC400736F44 /* RegistrationController.swift */; };
		717940BB271A331F00736F44 /* Extensions.swift in Sources */ = {isa = PBXBuildFile; fileRef = 717940BA271A331F00736F44 /* Extensions.swift */; };
		717940BD271A43CA00736F44 /* InputContainerView.swift in Sources */ = {isa = PBXBuildFile; fileRef = 717940BC271A43CA00736F44 /* InputContainerView.swift */; };
		717940BF271C6F9A00736F44 /* CustomTextField.swift in Sources */ = {isa = PBXBuildFile; fileRef = 717940BE271C6F9A00736F44 /* CustomTextField.swift */; };
		717940C1271C9BA700736F44 /* LoginVIewModel.swift in Sources */ = {isa = PBXBuildFile; fileRef = 717940C0271C9BA700736F44 /* LoginVIewModel.swift */; };
		717940C3271CA16700736F44 /* RegistrationViewModel.swift in Sources */ = {isa = PBXBuildFile; fileRef = 717940C2271CA16700736F44 /* RegistrationViewModel.swift */; };
		717940C6271CABF400736F44 /* AuthenticationProtocol.swift in Sources */ = {isa = PBXBuildFile; fileRef = 717940C5271CABF400736F44 /* AuthenticationProtocol.swift */; };
		717940C8271CB3CE00736F44 /* AutheticationControllerProtocol.swift in Sources */ = {isa = PBXBuildFile; fileRef = 717940C7271CB3CE00736F44 /* AutheticationControllerProtocol.swift */; };
		717940CA271CB81200736F44 /* GoogleService-Info.plist in Resources */ = {isa = PBXBuildFile; fileRef = 717940C9271CB81200736F44 /* GoogleService-Info.plist */; };
		71D13C55273C013F0084AA77 /* MessageViewModel.swift in Sources */ = {isa = PBXBuildFile; fileRef = 71D13C54273C013F0084AA77 /* MessageViewModel.swift */; };
		71D13C57273C0D7F0084AA77 /* Constants.swift in Sources */ = {isa = PBXBuildFile; fileRef = 71D13C56273C0D7F0084AA77 /* Constants.swift */; };
		71D13C59273C4EE80084AA77 /* Conversation.swift in Sources */ = {isa = PBXBuildFile; fileRef = 71D13C58273C4EE80084AA77 /* Conversation.swift */; };
		71D13C5B273C55A70084AA77 /* ConversationCell.swift in Sources */ = {isa = PBXBuildFile; fileRef = 71D13C5A273C55A70084AA77 /* ConversationCell.swift */; };
		71D13C5D273C597B0084AA77 /* ConversationViewModel.swift in Sources */ = {isa = PBXBuildFile; fileRef = 71D13C5C273C597B0084AA77 /* ConversationViewModel.swift */; };
		71D13C5F273C86290084AA77 /* ProfileController.swift in Sources */ = {isa = PBXBuildFile; fileRef = 71D13C5E273C86290084AA77 /* ProfileController.swift */; };
		71D13C61273C87870084AA77 /* ProfileHeader.swift in Sources */ = {isa = PBXBuildFile; fileRef = 71D13C60273C87870084AA77 /* ProfileHeader.swift */; };
		71DA8A5E271CDC4A008946C3 /* FirebaseAnalytics in Frameworks */ = {isa = PBXBuildFile; productRef = 71DA8A5D271CDC4A008946C3 /* FirebaseAnalytics */; };
		71DA8A60271CDC4A008946C3 /* FirebaseAuth in Frameworks */ = {isa = PBXBuildFile; productRef = 71DA8A5F271CDC4A008946C3 /* FirebaseAuth */; };
		71DA8A62271CDC4A008946C3 /* FirebaseDatabase in Frameworks */ = {isa = PBXBuildFile; productRef = 71DA8A61271CDC4A008946C3 /* FirebaseDatabase */; };
		71DA8A64271CDC4A008946C3 /* FirebaseFirestore in Frameworks */ = {isa = PBXBuildFile; productRef = 71DA8A63271CDC4A008946C3 /* FirebaseFirestore */; };
		71DA8A66271CDC4A008946C3 /* FirebaseStorage in Frameworks */ = {isa = PBXBuildFile; productRef = 71DA8A65271CDC4A008946C3 /* FirebaseStorage */; };
		71DB3E44272C332700F2145F /* CustomInputAccessoryView.swift in Sources */ = {isa = PBXBuildFile; fileRef = 71DB3E43272C332700F2145F /* CustomInputAccessoryView.swift */; };
		71DB3E46272C481D00F2145F /* MessageCell.swift in Sources */ = {isa = PBXBuildFile; fileRef = 71DB3E45272C481D00F2145F /* MessageCell.swift */; };
		71DB3E48272C8DCC00F2145F /* Message.swift in Sources */ = {isa = PBXBuildFile; fileRef = 71DB3E47272C8DCC00F2145F /* Message.swift */; };
		71DB3E4A272C8E9A00F2145F /* CustomInputAccessoryViewDelegateProtocol.swift in Sources */ = {isa = PBXBuildFile; fileRef = 71DB3E49272C8E9A00F2145F /* CustomInputAccessoryViewDelegateProtocol.swift */; };
		71E65E02273EA6510000CCE9 /* ProfileHeaderDelegate.swift in Sources */ = {isa = PBXBuildFile; fileRef = 71E65E01273EA6510000CCE9 /* ProfileHeaderDelegate.swift */; };
		71E65E04273EA9C80000CCE9 /* ProfileViewModel.swift in Sources */ = {isa = PBXBuildFile; fileRef = 71E65E03273EA9C80000CCE9 /* ProfileViewModel.swift */; };
		71E65E06273EAB2F0000CCE9 /* ProfileCell.swift in Sources */ = {isa = PBXBuildFile; fileRef = 71E65E05273EAB2F0000CCE9 /* ProfileCell.swift */; };
		71E65E08273EB5460000CCE9 /* ProfileFooter.swift in Sources */ = {isa = PBXBuildFile; fileRef = 71E65E07273EB5460000CCE9 /* ProfileFooter.swift */; };
		71E65E0A273EBFAF0000CCE9 /* ProfileFooterDelegate.swift in Sources */ = {isa = PBXBuildFile; fileRef = 71E65E09273EBFAF0000CCE9 /* ProfileFooterDelegate.swift */; };
		71E65E0C273EC1770000CCE9 /* ProfileControllerDelegate.swift in Sources */ = {isa = PBXBuildFile; fileRef = 71E65E0B273EC1770000CCE9 /* ProfileControllerDelegate.swift */; };
		71E65E0E273ECD750000CCE9 /* AuthenticationDelegate.swift in Sources */ = {isa = PBXBuildFile; fileRef = 71E65E0D273ECD750000CCE9 /* AuthenticationDelegate.swift */; };
		71FB8B4D271DB7F8000A9542 /* AuthService.swift in Sources */ = {isa = PBXBuildFile; fileRef = 71FB8B4C271DB7F8000A9542 /* AuthService.swift */; };
		71FB8B50271DC678000A9542 /* JGProgressHUD in Frameworks */ = {isa = PBXBuildFile; productRef = 71FB8B4F271DC678000A9542 /* JGProgressHUD */; };
		71FB8B52271DE0B8000A9542 /* NewMessageController.swift in Sources */ = {isa = PBXBuildFile; fileRef = 71FB8B51271DE0B8000A9542 /* NewMessageController.swift */; };
		71FB8B54271DEF7A000A9542 /* UserCell.swift in Sources */ = {isa = PBXBuildFile; fileRef = 71FB8B53271DEF7A000A9542 /* UserCell.swift */; };
		71FB8B56271DF4C9000A9542 /* User.swift in Sources */ = {isa = PBXBuildFile; fileRef = 71FB8B55271DF4C9000A9542 /* User.swift */; };
		71FB8B58271DF54D000A9542 /* Service.swift in Sources */ = {isa = PBXBuildFile; fileRef = 71FB8B57271DF54D000A9542 /* Service.swift */; };
		71FB8B5B271E0AE6000A9542 /* SDWebImage in Frameworks */ = {isa = PBXBuildFile; productRef = 71FB8B5A271E0AE6000A9542 /* SDWebImage */; };
		71FB8B5D271E0AE6000A9542 /* SDWebImageMapKit in Frameworks */ = {isa = PBXBuildFile; productRef = 71FB8B5C271E0AE6000A9542 /* SDWebImageMapKit */; };
		71FB8B5F271E0EAB000A9542 /* ChatController.swift in Sources */ = {isa = PBXBuildFile; fileRef = 71FB8B5E271E0EAB000A9542 /* ChatController.swift */; };
		71FB8B61271E10D9000A9542 /* NewMessageControllerDelegate.swift in Sources */ = {isa = PBXBuildFile; fileRef = 71FB8B60271E10D9000A9542 /* NewMessageControllerDelegate.swift */; };
/* End PBXBuildFile section */

/* Begin PBXContainerItemProxy section */
		717940912719BAEC00736F44 /* PBXContainerItemProxy */ = {
			isa = PBXContainerItemProxy;
			containerPortal = 717940722719BAEA00736F44 /* Project object */;
			proxyType = 1;
			remoteGlobalIDString = 717940792719BAEA00736F44;
			remoteInfo = FireChat;
		};
		7179409B2719BAEC00736F44 /* PBXContainerItemProxy */ = {
			isa = PBXContainerItemProxy;
			containerPortal = 717940722719BAEA00736F44 /* Project object */;
			proxyType = 1;
			remoteGlobalIDString = 717940792719BAEA00736F44;
			remoteInfo = FireChat;
		};
/* End PBXContainerItemProxy section */

/* Begin PBXFileReference section */
		7179407A2719BAEA00736F44 /* FireChat.app */ = {isa = PBXFileReference; explicitFileType = wrapper.application; includeInIndex = 0; path = FireChat.app; sourceTree = BUILT_PRODUCTS_DIR; };
		7179407D2719BAEA00736F44 /* AppDelegate.swift */ = {isa = PBXFileReference; lastKnownFileType = sourcecode.swift; path = AppDelegate.swift; sourceTree = "<group>"; };
		7179407F2719BAEA00736F44 /* SceneDelegate.swift */ = {isa = PBXFileReference; lastKnownFileType = sourcecode.swift; path = SceneDelegate.swift; sourceTree = "<group>"; };
		717940812719BAEA00736F44 /* ViewController.swift */ = {isa = PBXFileReference; lastKnownFileType = sourcecode.swift; path = ViewController.swift; sourceTree = "<group>"; };
		717940842719BAEA00736F44 /* Base */ = {isa = PBXFileReference; lastKnownFileType = file.storyboard; name = Base; path = Base.lproj/Main.storyboard; sourceTree = "<group>"; };
		717940862719BAEC00736F44 /* Assets.xcassets */ = {isa = PBXFileReference; lastKnownFileType = folder.assetcatalog; path = Assets.xcassets; sourceTree = "<group>"; };
		717940892719BAEC00736F44 /* Base */ = {isa = PBXFileReference; lastKnownFileType = file.storyboard; name = Base; path = Base.lproj/LaunchScreen.storyboard; sourceTree = "<group>"; };
		7179408B2719BAEC00736F44 /* Info.plist */ = {isa = PBXFileReference; lastKnownFileType = text.plist.xml; path = Info.plist; sourceTree = "<group>"; };
		717940902719BAEC00736F44 /* FireChatTests.xctest */ = {isa = PBXFileReference; explicitFileType = wrapper.cfbundle; includeInIndex = 0; path = FireChatTests.xctest; sourceTree = BUILT_PRODUCTS_DIR; };
		717940942719BAEC00736F44 /* FireChatTests.swift */ = {isa = PBXFileReference; lastKnownFileType = sourcecode.swift; path = FireChatTests.swift; sourceTree = "<group>"; };
		7179409A2719BAEC00736F44 /* FireChatUITests.xctest */ = {isa = PBXFileReference; explicitFileType = wrapper.cfbundle; includeInIndex = 0; path = FireChatUITests.xctest; sourceTree = BUILT_PRODUCTS_DIR; };
		7179409E2719BAEC00736F44 /* FireChatUITests.swift */ = {isa = PBXFileReference; lastKnownFileType = sourcecode.swift; path = FireChatUITests.swift; sourceTree = "<group>"; };
		717940A02719BAEC00736F44 /* FireChatUITestsLaunchTests.swift */ = {isa = PBXFileReference; lastKnownFileType = sourcecode.swift; path = FireChatUITestsLaunchTests.swift; sourceTree = "<group>"; };
		717940B32719BB9900736F44 /* ConversationsController.swift */ = {isa = PBXFileReference; lastKnownFileType = sourcecode.swift; path = ConversationsController.swift; sourceTree = "<group>"; };
		717940B6271A2EB600736F44 /* LoginController.swift */ = {isa = PBXFileReference; lastKnownFileType = sourcecode.swift; path = LoginController.swift; sourceTree = "<group>"; };
		717940B8271A2EC400736F44 /* RegistrationController.swift */ = {isa = PBXFileReference; lastKnownFileType = sourcecode.swift; path = RegistrationController.swift; sourceTree = "<group>"; };
		717940BA271A331F00736F44 /* Extensions.swift */ = {isa = PBXFileReference; lastKnownFileType = sourcecode.swift; path = Extensions.swift; sourceTree = "<group>"; };
		717940BC271A43CA00736F44 /* InputContainerView.swift */ = {isa = PBXFileReference; lastKnownFileType = sourcecode.swift; path = InputContainerView.swift; sourceTree = "<group>"; };
		717940BE271C6F9A00736F44 /* CustomTextField.swift */ = {isa = PBXFileReference; lastKnownFileType = sourcecode.swift; path = CustomTextField.swift; sourceTree = "<group>"; };
		717940C0271C9BA700736F44 /* LoginVIewModel.swift */ = {isa = PBXFileReference; lastKnownFileType = sourcecode.swift; path = LoginVIewModel.swift; sourceTree = "<group>"; };
		717940C2271CA16700736F44 /* RegistrationViewModel.swift */ = {isa = PBXFileReference; lastKnownFileType = sourcecode.swift; path = RegistrationViewModel.swift; sourceTree = "<group>"; };
		717940C5271CABF400736F44 /* AuthenticationProtocol.swift */ = {isa = PBXFileReference; lastKnownFileType = sourcecode.swift; path = AuthenticationProtocol.swift; sourceTree = "<group>"; };
		717940C7271CB3CE00736F44 /* AutheticationControllerProtocol.swift */ = {isa = PBXFileReference; lastKnownFileType = sourcecode.swift; path = AutheticationControllerProtocol.swift; sourceTree = "<group>"; };
		717940C9271CB81200736F44 /* GoogleService-Info.plist */ = {isa = PBXFileReference; lastKnownFileType = text.plist; path = "GoogleService-Info.plist"; sourceTree = SOURCE_ROOT; };
		71B77AAE271CCE1E009CC377 /* GoogleAppMeasurement.xcframework */ = {isa = PBXFileReference; lastKnownFileType = wrapper.xcframework; path = GoogleAppMeasurement.xcframework; sourceTree = "<group>"; };
		71B77AAF271CCE1E009CC377 /* FirebaseCoreDiagnostics.xcframework */ = {isa = PBXFileReference; lastKnownFileType = wrapper.xcframework; path = FirebaseCoreDiagnostics.xcframework; sourceTree = "<group>"; };
		71B77AB0271CCE1E009CC377 /* GoogleDataTransport.xcframework */ = {isa = PBXFileReference; lastKnownFileType = wrapper.xcframework; path = GoogleDataTransport.xcframework; sourceTree = "<group>"; };
		71B77AB1271CCE1F009CC377 /* FirebaseCore.xcframework */ = {isa = PBXFileReference; lastKnownFileType = wrapper.xcframework; path = FirebaseCore.xcframework; sourceTree = "<group>"; };
		71B77AB2271CCE1F009CC377 /* nanopb.xcframework */ = {isa = PBXFileReference; lastKnownFileType = wrapper.xcframework; path = nanopb.xcframework; sourceTree = "<group>"; };
		71B77AB3271CCE1F009CC377 /* GoogleAppMeasurementIdentitySupport.xcframework */ = {isa = PBXFileReference; lastKnownFileType = wrapper.xcframework; path = GoogleAppMeasurementIdentitySupport.xcframework; sourceTree = "<group>"; };
		71D13C54273C013F0084AA77 /* MessageViewModel.swift */ = {isa = PBXFileReference; lastKnownFileType = sourcecode.swift; path = MessageViewModel.swift; sourceTree = "<group>"; };
		71D13C56273C0D7F0084AA77 /* Constants.swift */ = {isa = PBXFileReference; lastKnownFileType = sourcecode.swift; path = Constants.swift; sourceTree = "<group>"; };
		71D13C58273C4EE80084AA77 /* Conversation.swift */ = {isa = PBXFileReference; lastKnownFileType = sourcecode.swift; path = Conversation.swift; sourceTree = "<group>"; };
		71D13C5A273C55A70084AA77 /* ConversationCell.swift */ = {isa = PBXFileReference; lastKnownFileType = sourcecode.swift; path = ConversationCell.swift; sourceTree = "<group>"; };
		71D13C5C273C597B0084AA77 /* ConversationViewModel.swift */ = {isa = PBXFileReference; lastKnownFileType = sourcecode.swift; path = ConversationViewModel.swift; sourceTree = "<group>"; };
		71D13C5E273C86290084AA77 /* ProfileController.swift */ = {isa = PBXFileReference; lastKnownFileType = sourcecode.swift; path = ProfileController.swift; sourceTree = "<group>"; };
		71D13C60273C87870084AA77 /* ProfileHeader.swift */ = {isa = PBXFileReference; lastKnownFileType = sourcecode.swift; path = ProfileHeader.swift; sourceTree = "<group>"; };
		71DB3E43272C332700F2145F /* CustomInputAccessoryView.swift */ = {isa = PBXFileReference; lastKnownFileType = sourcecode.swift; path = CustomInputAccessoryView.swift; sourceTree = "<group>"; };
		71DB3E45272C481D00F2145F /* MessageCell.swift */ = {isa = PBXFileReference; lastKnownFileType = sourcecode.swift; path = MessageCell.swift; sourceTree = "<group>"; };
		71DB3E47272C8DCC00F2145F /* Message.swift */ = {isa = PBXFileReference; lastKnownFileType = sourcecode.swift; path = Message.swift; sourceTree = "<group>"; };
		71DB3E49272C8E9A00F2145F /* CustomInputAccessoryViewDelegateProtocol.swift */ = {isa = PBXFileReference; lastKnownFileType = sourcecode.swift; path = CustomInputAccessoryViewDelegateProtocol.swift; sourceTree = "<group>"; };
		71E65E01273EA6510000CCE9 /* ProfileHeaderDelegate.swift */ = {isa = PBXFileReference; lastKnownFileType = sourcecode.swift; path = ProfileHeaderDelegate.swift; sourceTree = "<group>"; };
		71E65E03273EA9C80000CCE9 /* ProfileViewModel.swift */ = {isa = PBXFileReference; lastKnownFileType = sourcecode.swift; path = ProfileViewModel.swift; sourceTree = "<group>"; };
		71E65E05273EAB2F0000CCE9 /* ProfileCell.swift */ = {isa = PBXFileReference; lastKnownFileType = sourcecode.swift; path = ProfileCell.swift; sourceTree = "<group>"; };
		71E65E07273EB5460000CCE9 /* ProfileFooter.swift */ = {isa = PBXFileReference; lastKnownFileType = sourcecode.swift; path = ProfileFooter.swift; sourceTree = "<group>"; };
		71E65E09273EBFAF0000CCE9 /* ProfileFooterDelegate.swift */ = {isa = PBXFileReference; lastKnownFileType = sourcecode.swift; path = ProfileFooterDelegate.swift; sourceTree = "<group>"; };
		71E65E0B273EC1770000CCE9 /* ProfileControllerDelegate.swift */ = {isa = PBXFileReference; lastKnownFileType = sourcecode.swift; path = ProfileControllerDelegate.swift; sourceTree = "<group>"; };
		71E65E0D273ECD750000CCE9 /* AuthenticationDelegate.swift */ = {isa = PBXFileReference; lastKnownFileType = sourcecode.swift; path = AuthenticationDelegate.swift; sourceTree = "<group>"; };
		71FB8B4C271DB7F8000A9542 /* AuthService.swift */ = {isa = PBXFileReference; lastKnownFileType = sourcecode.swift; path = AuthService.swift; sourceTree = "<group>"; };
		71FB8B51271DE0B8000A9542 /* NewMessageController.swift */ = {isa = PBXFileReference; lastKnownFileType = sourcecode.swift; path = NewMessageController.swift; sourceTree = "<group>"; };
		71FB8B53271DEF7A000A9542 /* UserCell.swift */ = {isa = PBXFileReference; lastKnownFileType = sourcecode.swift; path = UserCell.swift; sourceTree = "<group>"; };
		71FB8B55271DF4C9000A9542 /* User.swift */ = {isa = PBXFileReference; lastKnownFileType = sourcecode.swift; path = User.swift; sourceTree = "<group>"; };
		71FB8B57271DF54D000A9542 /* Service.swift */ = {isa = PBXFileReference; lastKnownFileType = sourcecode.swift; path = Service.swift; sourceTree = "<group>"; };
		71FB8B5E271E0EAB000A9542 /* ChatController.swift */ = {isa = PBXFileReference; lastKnownFileType = sourcecode.swift; path = ChatController.swift; sourceTree = "<group>"; };
		71FB8B60271E10D9000A9542 /* NewMessageControllerDelegate.swift */ = {isa = PBXFileReference; lastKnownFileType = sourcecode.swift; path = NewMessageControllerDelegate.swift; sourceTree = "<group>"; };
/* End PBXFileReference section */

/* Begin PBXFrameworksBuildPhase section */
		717940772719BAEA00736F44 /* Frameworks */ = {
			isa = PBXFrameworksBuildPhase;
			buildActionMask = 2147483647;
			files = (
				71DA8A62271CDC4A008946C3 /* FirebaseDatabase in Frameworks */,
				71DA8A5E271CDC4A008946C3 /* FirebaseAnalytics in Frameworks */,
				71DA8A66271CDC4A008946C3 /* FirebaseStorage in Frameworks */,
				71FB8B5B271E0AE6000A9542 /* SDWebImage in Frameworks */,
				71DA8A60271CDC4A008946C3 /* FirebaseAuth in Frameworks */,
				71FB8B50271DC678000A9542 /* JGProgressHUD in Frameworks */,
				71FB8B5D271E0AE6000A9542 /* SDWebImageMapKit in Frameworks */,
				71DA8A64271CDC4A008946C3 /* FirebaseFirestore in Frameworks */,
			);
			runOnlyForDeploymentPostprocessing = 0;
		};
		7179408D2719BAEC00736F44 /* Frameworks */ = {
			isa = PBXFrameworksBuildPhase;
			buildActionMask = 2147483647;
			files = (
			);
			runOnlyForDeploymentPostprocessing = 0;
		};
		717940972719BAEC00736F44 /* Frameworks */ = {
			isa = PBXFrameworksBuildPhase;
			buildActionMask = 2147483647;
			files = (
			);
			runOnlyForDeploymentPostprocessing = 0;
		};
/* End PBXFrameworksBuildPhase section */

/* Begin PBXGroup section */
		717940712719BAEA00736F44 = {
			isa = PBXGroup;
			children = (
				717940C9271CB81200736F44 /* GoogleService-Info.plist */,
				7179407C2719BAEA00736F44 /* FireChat */,
				717940932719BAEC00736F44 /* FireChatTests */,
				7179409D2719BAEC00736F44 /* FireChatUITests */,
				7179407B2719BAEA00736F44 /* Products */,
			);
			sourceTree = "<group>";
		};
		7179407B2719BAEA00736F44 /* Products */ = {
			isa = PBXGroup;
			children = (
				7179407A2719BAEA00736F44 /* FireChat.app */,
				717940902719BAEC00736F44 /* FireChatTests.xctest */,
				7179409A2719BAEC00736F44 /* FireChatUITests.xctest */,
			);
			name = Products;
			sourceTree = "<group>";
		};
		7179407C2719BAEA00736F44 /* FireChat */ = {
			isa = PBXGroup;
			children = (
				717940C4271CABD700736F44 /* Protocols */,
				717940B22719BB0D00736F44 /* Models */,
				717940B12719BB0A00736F44 /* View */,
				717940B02719BB0800736F44 /* ViewModel */,
				717940AF2719BB0500736F44 /* Controller */,
				717940AE2719BB0200736F44 /* API */,
				717940AD2719BAFA00736F44 /* Utils */,
				7179407D2719BAEA00736F44 /* AppDelegate.swift */,
				7179407F2719BAEA00736F44 /* SceneDelegate.swift */,
				717940812719BAEA00736F44 /* ViewController.swift */,
				717940832719BAEA00736F44 /* Main.storyboard */,
				717940862719BAEC00736F44 /* Assets.xcassets */,
				717940882719BAEC00736F44 /* LaunchScreen.storyboard */,
				7179408B2719BAEC00736F44 /* Info.plist */,
			);
			path = FireChat;
			sourceTree = "<group>";
		};
		717940932719BAEC00736F44 /* FireChatTests */ = {
			isa = PBXGroup;
			children = (
				717940942719BAEC00736F44 /* FireChatTests.swift */,
			);
			path = FireChatTests;
			sourceTree = "<group>";
		};
		7179409D2719BAEC00736F44 /* FireChatUITests */ = {
			isa = PBXGroup;
			children = (
				71B77AB1271CCE1F009CC377 /* FirebaseCore.xcframework */,
				71B77AAF271CCE1E009CC377 /* FirebaseCoreDiagnostics.xcframework */,
				71B77AAE271CCE1E009CC377 /* GoogleAppMeasurement.xcframework */,
				71B77AB3271CCE1F009CC377 /* GoogleAppMeasurementIdentitySupport.xcframework */,
				71B77AB0271CCE1E009CC377 /* GoogleDataTransport.xcframework */,
				71B77AB2271CCE1F009CC377 /* nanopb.xcframework */,
				7179409E2719BAEC00736F44 /* FireChatUITests.swift */,
				717940A02719BAEC00736F44 /* FireChatUITestsLaunchTests.swift */,
			);
			path = FireChatUITests;
			sourceTree = "<group>";
		};
		717940AD2719BAFA00736F44 /* Utils */ = {
			isa = PBXGroup;
			children = (
				717940BA271A331F00736F44 /* Extensions.swift */,
				71D13C56273C0D7F0084AA77 /* Constants.swift */,
			);
			path = Utils;
			sourceTree = "<group>";
		};
		717940AE2719BB0200736F44 /* API */ = {
			isa = PBXGroup;
			children = (
				71FB8B4C271DB7F8000A9542 /* AuthService.swift */,
				71FB8B57271DF54D000A9542 /* Service.swift */,
			);
			path = API;
			sourceTree = "<group>";
		};
		717940AF2719BB0500736F44 /* Controller */ = {
			isa = PBXGroup;
			children = (
				717940B5271A2E9500736F44 /* Authentication */,
				717940B32719BB9900736F44 /* ConversationsController.swift */,
				71FB8B51271DE0B8000A9542 /* NewMessageController.swift */,
				71FB8B5E271E0EAB000A9542 /* ChatController.swift */,
				71D13C5E273C86290084AA77 /* ProfileController.swift */,
			);
			path = Controller;
			sourceTree = "<group>";
		};
		717940B02719BB0800736F44 /* ViewModel */ = {
			isa = PBXGroup;
			children = (
				717940C0271C9BA700736F44 /* LoginVIewModel.swift */,
				717940C2271CA16700736F44 /* RegistrationViewModel.swift */,
				71D13C54273C013F0084AA77 /* MessageViewModel.swift */,
				71D13C5C273C597B0084AA77 /* ConversationViewModel.swift */,
				71E65E03273EA9C80000CCE9 /* ProfileViewModel.swift */,
			);
			path = ViewModel;
			sourceTree = "<group>";
		};
		717940B12719BB0A00736F44 /* View */ = {
			isa = PBXGroup;
			children = (
				717940BC271A43CA00736F44 /* InputContainerView.swift */,
				717940BE271C6F9A00736F44 /* CustomTextField.swift */,
				71FB8B53271DEF7A000A9542 /* UserCell.swift */,
				71DB3E43272C332700F2145F /* CustomInputAccessoryView.swift */,
				71DB3E45272C481D00F2145F /* MessageCell.swift */,
				71D13C5A273C55A70084AA77 /* ConversationCell.swift */,
				71D13C60273C87870084AA77 /* ProfileHeader.swift */,
				71E65E05273EAB2F0000CCE9 /* ProfileCell.swift */,
				71E65E07273EB5460000CCE9 /* ProfileFooter.swift */,
			);
			path = View;
			sourceTree = "<group>";
		};
		717940B22719BB0D00736F44 /* Models */ = {
			isa = PBXGroup;
			children = (
				71FB8B55271DF4C9000A9542 /* User.swift */,
				71DB3E47272C8DCC00F2145F /* Message.swift */,
				71D13C58273C4EE80084AA77 /* Conversation.swift */,
			);
			path = Models;
			sourceTree = "<group>";
		};
		717940B5271A2E9500736F44 /* Authentication */ = {
			isa = PBXGroup;
			children = (
				717940B6271A2EB600736F44 /* LoginController.swift */,
				717940B8271A2EC400736F44 /* RegistrationController.swift */,
			);
			path = Authentication;
			sourceTree = "<group>";
		};
		717940C4271CABD700736F44 /* Protocols */ = {
			isa = PBXGroup;
			children = (
				717940C5271CABF400736F44 /* AuthenticationProtocol.swift */,
				717940C7271CB3CE00736F44 /* AutheticationControllerProtocol.swift */,
				71FB8B60271E10D9000A9542 /* NewMessageControllerDelegate.swift */,
				71DB3E49272C8E9A00F2145F /* CustomInputAccessoryViewDelegateProtocol.swift */,
				71E65E01273EA6510000CCE9 /* ProfileHeaderDelegate.swift */,
				71E65E09273EBFAF0000CCE9 /* ProfileFooterDelegate.swift */,
				71E65E0B273EC1770000CCE9 /* ProfileControllerDelegate.swift */,
				71E65E0D273ECD750000CCE9 /* AuthenticationDelegate.swift */,
			);
			path = Protocols;
			sourceTree = "<group>";
		};
/* End PBXGroup section */

/* Begin PBXNativeTarget section */
		717940792719BAEA00736F44 /* FireChat */ = {
			isa = PBXNativeTarget;
			buildConfigurationList = 717940A42719BAEC00736F44 /* Build configuration list for PBXNativeTarget "FireChat" */;
			buildPhases = (
				717940762719BAEA00736F44 /* Sources */,
				717940772719BAEA00736F44 /* Frameworks */,
				717940782719BAEA00736F44 /* Resources */,
			);
			buildRules = (
			);
			dependencies = (
			);
			name = FireChat;
			packageProductDependencies = (
				71DA8A5D271CDC4A008946C3 /* FirebaseAnalytics */,
				71DA8A5F271CDC4A008946C3 /* FirebaseAuth */,
				71DA8A61271CDC4A008946C3 /* FirebaseDatabase */,
				71DA8A63271CDC4A008946C3 /* FirebaseFirestore */,
				71DA8A65271CDC4A008946C3 /* FirebaseStorage */,
				71FB8B4F271DC678000A9542 /* JGProgressHUD */,
				71FB8B5A271E0AE6000A9542 /* SDWebImage */,
				71FB8B5C271E0AE6000A9542 /* SDWebImageMapKit */,
			);
			productName = FireChat;
			productReference = 7179407A2719BAEA00736F44 /* FireChat.app */;
			productType = "com.apple.product-type.application";
		};
		7179408F2719BAEC00736F44 /* FireChatTests */ = {
			isa = PBXNativeTarget;
			buildConfigurationList = 717940A72719BAEC00736F44 /* Build configuration list for PBXNativeTarget "FireChatTests" */;
			buildPhases = (
				7179408C2719BAEC00736F44 /* Sources */,
				7179408D2719BAEC00736F44 /* Frameworks */,
				7179408E2719BAEC00736F44 /* Resources */,
			);
			buildRules = (
			);
			dependencies = (
				717940922719BAEC00736F44 /* PBXTargetDependency */,
			);
			name = FireChatTests;
			productName = FireChatTests;
			productReference = 717940902719BAEC00736F44 /* FireChatTests.xctest */;
			productType = "com.apple.product-type.bundle.unit-test";
		};
		717940992719BAEC00736F44 /* FireChatUITests */ = {
			isa = PBXNativeTarget;
			buildConfigurationList = 717940AA2719BAEC00736F44 /* Build configuration list for PBXNativeTarget "FireChatUITests" */;
			buildPhases = (
				717940962719BAEC00736F44 /* Sources */,
				717940972719BAEC00736F44 /* Frameworks */,
				717940982719BAEC00736F44 /* Resources */,
			);
			buildRules = (
			);
			dependencies = (
				7179409C2719BAEC00736F44 /* PBXTargetDependency */,
			);
			name = FireChatUITests;
			productName = FireChatUITests;
			productReference = 7179409A2719BAEC00736F44 /* FireChatUITests.xctest */;
			productType = "com.apple.product-type.bundle.ui-testing";
		};
/* End PBXNativeTarget section */

/* Begin PBXProject section */
		717940722719BAEA00736F44 /* Project object */ = {
			isa = PBXProject;
			attributes = {
				BuildIndependentTargetsInParallel = 1;
				LastSwiftUpdateCheck = 1300;
				LastUpgradeCheck = 1300;
				TargetAttributes = {
					717940792719BAEA00736F44 = {
						CreatedOnToolsVersion = 13.0;
					};
					7179408F2719BAEC00736F44 = {
						CreatedOnToolsVersion = 13.0;
						TestTargetID = 717940792719BAEA00736F44;
					};
					717940992719BAEC00736F44 = {
						CreatedOnToolsVersion = 13.0;
						TestTargetID = 717940792719BAEA00736F44;
					};
				};
			};
			buildConfigurationList = 717940752719BAEA00736F44 /* Build configuration list for PBXProject "FireChat" */;
			compatibilityVersion = "Xcode 13.0";
			developmentRegion = en;
			hasScannedForEncodings = 0;
			knownRegions = (
				en,
				Base,
			);
			mainGroup = 717940712719BAEA00736F44;
			packageReferences = (
				71DA8A5C271CDC4A008946C3 /* XCRemoteSwiftPackageReference "firebase-ios-sdk" */,
				71FB8B4E271DC678000A9542 /* XCRemoteSwiftPackageReference "JGProgressHUD" */,
				71FB8B59271E0AE6000A9542 /* XCRemoteSwiftPackageReference "SDWebImage" */,
			);
			productRefGroup = 7179407B2719BAEA00736F44 /* Products */;
			projectDirPath = "";
			projectRoot = "";
			targets = (
				717940792719BAEA00736F44 /* FireChat */,
				7179408F2719BAEC00736F44 /* FireChatTests */,
				717940992719BAEC00736F44 /* FireChatUITests */,
			);
		};
/* End PBXProject section */

/* Begin PBXResourcesBuildPhase section */
		717940782719BAEA00736F44 /* Resources */ = {
			isa = PBXResourcesBuildPhase;
			buildActionMask = 2147483647;
			files = (
				7179408A2719BAEC00736F44 /* LaunchScreen.storyboard in Resources */,
				717940CA271CB81200736F44 /* GoogleService-Info.plist in Resources */,
				717940872719BAEC00736F44 /* Assets.xcassets in Resources */,
				717940852719BAEA00736F44 /* Main.storyboard in Resources */,
			);
			runOnlyForDeploymentPostprocessing = 0;
		};
		7179408E2719BAEC00736F44 /* Resources */ = {
			isa = PBXResourcesBuildPhase;
			buildActionMask = 2147483647;
			files = (
			);
			runOnlyForDeploymentPostprocessing = 0;
		};
		717940982719BAEC00736F44 /* Resources */ = {
			isa = PBXResourcesBuildPhase;
			buildActionMask = 2147483647;
			files = (
			);
			runOnlyForDeploymentPostprocessing = 0;
		};
/* End PBXResourcesBuildPhase section */

/* Begin PBXSourcesBuildPhase section */
		717940762719BAEA00736F44 /* Sources */ = {
			isa = PBXSourcesBuildPhase;
			buildActionMask = 2147483647;
			files = (
				71D13C5D273C597B0084AA77 /* ConversationViewModel.swift in Sources */,
				71DB3E4A272C8E9A00F2145F /* CustomInputAccessoryViewDelegateProtocol.swift in Sources */,
				717940822719BAEA00736F44 /* ViewController.swift in Sources */,
				717940C3271CA16700736F44 /* RegistrationViewModel.swift in Sources */,
				71D13C59273C4EE80084AA77 /* Conversation.swift in Sources */,
				71D13C5F273C86290084AA77 /* ProfileController.swift in Sources */,
				717940BD271A43CA00736F44 /* InputContainerView.swift in Sources */,
				7179407E2719BAEA00736F44 /* AppDelegate.swift in Sources */,
				71E65E0C273EC1770000CCE9 /* ProfileControllerDelegate.swift in Sources */,
				717940C8271CB3CE00736F44 /* AutheticationControllerProtocol.swift in Sources */,
				71FB8B58271DF54D000A9542 /* Service.swift in Sources */,
				71D13C57273C0D7F0084AA77 /* Constants.swift in Sources */,
				71E65E08273EB5460000CCE9 /* ProfileFooter.swift in Sources */,
				71E65E02273EA6510000CCE9 /* ProfileHeaderDelegate.swift in Sources */,
				717940C6271CABF400736F44 /* AuthenticationProtocol.swift in Sources */,
				71FB8B61271E10D9000A9542 /* NewMessageControllerDelegate.swift in Sources */,
				717940B42719BB9900736F44 /* ConversationsController.swift in Sources */,
				71FB8B56271DF4C9000A9542 /* User.swift in Sources */,
				717940802719BAEA00736F44 /* SceneDelegate.swift in Sources */,
				71E65E06273EAB2F0000CCE9 /* ProfileCell.swift in Sources */,
				71D13C55273C013F0084AA77 /* MessageViewModel.swift in Sources */,
				71E65E04273EA9C80000CCE9 /* ProfileViewModel.swift in Sources */,
				71DB3E46272C481D00F2145F /* MessageCell.swift in Sources */,
				71FB8B54271DEF7A000A9542 /* UserCell.swift in Sources */,
				717940B9271A2EC400736F44 /* RegistrationController.swift in Sources */,
				717940B7271A2EB600736F44 /* LoginController.swift in Sources */,
				71FB8B5F271E0EAB000A9542 /* ChatController.swift in Sources */,
				71D13C5B273C55A70084AA77 /* ConversationCell.swift in Sources */,
				717940BB271A331F00736F44 /* Extensions.swift in Sources */,
				71DB3E48272C8DCC00F2145F /* Message.swift in Sources */,
				71E65E0A273EBFAF0000CCE9 /* ProfileFooterDelegate.swift in Sources */,
				71DB3E44272C332700F2145F /* CustomInputAccessoryView.swift in Sources */,
				71E65E0E273ECD750000CCE9 /* AuthenticationDelegate.swift in Sources */,
				71D13C61273C87870084AA77 /* ProfileHeader.swift in Sources */,
				71FB8B52271DE0B8000A9542 /* NewMessageController.swift in Sources */,
				717940C1271C9BA700736F44 /* LoginVIewModel.swift in Sources */,
				717940BF271C6F9A00736F44 /* CustomTextField.swift in Sources */,
				71FB8B4D271DB7F8000A9542 /* AuthService.swift in Sources */,
			);
			runOnlyForDeploymentPostprocessing = 0;
		};
		7179408C2719BAEC00736F44 /* Sources */ = {
			isa = PBXSourcesBuildPhase;
			buildActionMask = 2147483647;
			files = (
				717940952719BAEC00736F44 /* FireChatTests.swift in Sources */,
			);
			runOnlyForDeploymentPostprocessing = 0;
		};
		717940962719BAEC00736F44 /* Sources */ = {
			isa = PBXSourcesBuildPhase;
			buildActionMask = 2147483647;
			files = (
				717940A12719BAEC00736F44 /* FireChatUITestsLaunchTests.swift in Sources */,
				7179409F2719BAEC00736F44 /* FireChatUITests.swift in Sources */,
			);
			runOnlyForDeploymentPostprocessing = 0;
		};
/* End PBXSourcesBuildPhase section */

/* Begin PBXTargetDependency section */
		717940922719BAEC00736F44 /* PBXTargetDependency */ = {
			isa = PBXTargetDependency;
			target = 717940792719BAEA00736F44 /* FireChat */;
			targetProxy = 717940912719BAEC00736F44 /* PBXContainerItemProxy */;
		};
		7179409C2719BAEC00736F44 /* PBXTargetDependency */ = {
			isa = PBXTargetDependency;
			target = 717940792719BAEA00736F44 /* FireChat */;
			targetProxy = 7179409B2719BAEC00736F44 /* PBXContainerItemProxy */;
		};
/* End PBXTargetDependency section */

/* Begin PBXVariantGroup section */
		717940832719BAEA00736F44 /* Main.storyboard */ = {
			isa = PBXVariantGroup;
			children = (
				717940842719BAEA00736F44 /* Base */,
			);
			name = Main.storyboard;
			sourceTree = "<group>";
		};
		717940882719BAEC00736F44 /* LaunchScreen.storyboard */ = {
			isa = PBXVariantGroup;
			children = (
				717940892719BAEC00736F44 /* Base */,
			);
			name = LaunchScreen.storyboard;
			sourceTree = "<group>";
		};
/* End PBXVariantGroup section */

/* Begin XCBuildConfiguration section */
		717940A22719BAEC00736F44 /* Debug */ = {
			isa = XCBuildConfiguration;
			buildSettings = {
				ALWAYS_SEARCH_USER_PATHS = NO;
				CLANG_ANALYZER_NONNULL = YES;
				CLANG_ANALYZER_NUMBER_OBJECT_CONVERSION = YES_AGGRESSIVE;
				CLANG_CXX_LANGUAGE_STANDARD = "gnu++17";
				CLANG_CXX_LIBRARY = "libc++";
				CLANG_ENABLE_MODULES = YES;
				CLANG_ENABLE_OBJC_ARC = YES;
				CLANG_ENABLE_OBJC_WEAK = YES;
				CLANG_WARN_BLOCK_CAPTURE_AUTORELEASING = YES;
				CLANG_WARN_BOOL_CONVERSION = YES;
				CLANG_WARN_COMMA = YES;
				CLANG_WARN_CONSTANT_CONVERSION = YES;
				CLANG_WARN_DEPRECATED_OBJC_IMPLEMENTATIONS = YES;
				CLANG_WARN_DIRECT_OBJC_ISA_USAGE = YES_ERROR;
				CLANG_WARN_DOCUMENTATION_COMMENTS = YES;
				CLANG_WARN_EMPTY_BODY = YES;
				CLANG_WARN_ENUM_CONVERSION = YES;
				CLANG_WARN_INFINITE_RECURSION = YES;
				CLANG_WARN_INT_CONVERSION = YES;
				CLANG_WARN_NON_LITERAL_NULL_CONVERSION = YES;
				CLANG_WARN_OBJC_IMPLICIT_RETAIN_SELF = YES;
				CLANG_WARN_OBJC_LITERAL_CONVERSION = YES;
				CLANG_WARN_OBJC_ROOT_CLASS = YES_ERROR;
				CLANG_WARN_QUOTED_INCLUDE_IN_FRAMEWORK_HEADER = YES;
				CLANG_WARN_RANGE_LOOP_ANALYSIS = YES;
				CLANG_WARN_STRICT_PROTOTYPES = YES;
				CLANG_WARN_SUSPICIOUS_MOVE = YES;
				CLANG_WARN_UNGUARDED_AVAILABILITY = YES_AGGRESSIVE;
				CLANG_WARN_UNREACHABLE_CODE = YES;
				CLANG_WARN__DUPLICATE_METHOD_MATCH = YES;
				COPY_PHASE_STRIP = NO;
				DEBUG_INFORMATION_FORMAT = dwarf;
				ENABLE_STRICT_OBJC_MSGSEND = YES;
				ENABLE_TESTABILITY = YES;
				GCC_C_LANGUAGE_STANDARD = gnu11;
				GCC_DYNAMIC_NO_PIC = NO;
				GCC_NO_COMMON_BLOCKS = YES;
				GCC_OPTIMIZATION_LEVEL = 0;
				GCC_PREPROCESSOR_DEFINITIONS = (
					"DEBUG=1",
					"$(inherited)",
				);
				GCC_WARN_64_TO_32_BIT_CONVERSION = YES;
				GCC_WARN_ABOUT_RETURN_TYPE = YES_ERROR;
				GCC_WARN_UNDECLARED_SELECTOR = YES;
				GCC_WARN_UNINITIALIZED_AUTOS = YES_AGGRESSIVE;
				GCC_WARN_UNUSED_FUNCTION = YES;
				GCC_WARN_UNUSED_VARIABLE = YES;
				IPHONEOS_DEPLOYMENT_TARGET = 14.7;
				MTL_ENABLE_DEBUG_INFO = INCLUDE_SOURCE;
				MTL_FAST_MATH = YES;
				ONLY_ACTIVE_ARCH = YES;
				SDKROOT = iphoneos;
				SWIFT_ACTIVE_COMPILATION_CONDITIONS = DEBUG;
				SWIFT_OPTIMIZATION_LEVEL = "-Onone";
			};
			name = Debug;
		};
		717940A32719BAEC00736F44 /* Release */ = {
			isa = XCBuildConfiguration;
			buildSettings = {
				ALWAYS_SEARCH_USER_PATHS = NO;
				CLANG_ANALYZER_NONNULL = YES;
				CLANG_ANALYZER_NUMBER_OBJECT_CONVERSION = YES_AGGRESSIVE;
				CLANG_CXX_LANGUAGE_STANDARD = "gnu++17";
				CLANG_CXX_LIBRARY = "libc++";
				CLANG_ENABLE_MODULES = YES;
				CLANG_ENABLE_OBJC_ARC = YES;
				CLANG_ENABLE_OBJC_WEAK = YES;
				CLANG_WARN_BLOCK_CAPTURE_AUTORELEASING = YES;
				CLANG_WARN_BOOL_CONVERSION = YES;
				CLANG_WARN_COMMA = YES;
				CLANG_WARN_CONSTANT_CONVERSION = YES;
				CLANG_WARN_DEPRECATED_OBJC_IMPLEMENTATIONS = YES;
				CLANG_WARN_DIRECT_OBJC_ISA_USAGE = YES_ERROR;
				CLANG_WARN_DOCUMENTATION_COMMENTS = YES;
				CLANG_WARN_EMPTY_BODY = YES;
				CLANG_WARN_ENUM_CONVERSION = YES;
				CLANG_WARN_INFINITE_RECURSION = YES;
				CLANG_WARN_INT_CONVERSION = YES;
				CLANG_WARN_NON_LITERAL_NULL_CONVERSION = YES;
				CLANG_WARN_OBJC_IMPLICIT_RETAIN_SELF = YES;
				CLANG_WARN_OBJC_LITERAL_CONVERSION = YES;
				CLANG_WARN_OBJC_ROOT_CLASS = YES_ERROR;
				CLANG_WARN_QUOTED_INCLUDE_IN_FRAMEWORK_HEADER = YES;
				CLANG_WARN_RANGE_LOOP_ANALYSIS = YES;
				CLANG_WARN_STRICT_PROTOTYPES = YES;
				CLANG_WARN_SUSPICIOUS_MOVE = YES;
				CLANG_WARN_UNGUARDED_AVAILABILITY = YES_AGGRESSIVE;
				CLANG_WARN_UNREACHABLE_CODE = YES;
				CLANG_WARN__DUPLICATE_METHOD_MATCH = YES;
				COPY_PHASE_STRIP = NO;
				DEBUG_INFORMATION_FORMAT = "dwarf-with-dsym";
				ENABLE_NS_ASSERTIONS = NO;
				ENABLE_STRICT_OBJC_MSGSEND = YES;
				GCC_C_LANGUAGE_STANDARD = gnu11;
				GCC_NO_COMMON_BLOCKS = YES;
				GCC_WARN_64_TO_32_BIT_CONVERSION = YES;
				GCC_WARN_ABOUT_RETURN_TYPE = YES_ERROR;
				GCC_WARN_UNDECLARED_SELECTOR = YES;
				GCC_WARN_UNINITIALIZED_AUTOS = YES_AGGRESSIVE;
				GCC_WARN_UNUSED_FUNCTION = YES;
				GCC_WARN_UNUSED_VARIABLE = YES;
				IPHONEOS_DEPLOYMENT_TARGET = 14.7;
				MTL_ENABLE_DEBUG_INFO = NO;
				MTL_FAST_MATH = YES;
				SDKROOT = iphoneos;
				SWIFT_COMPILATION_MODE = wholemodule;
				SWIFT_OPTIMIZATION_LEVEL = "-O";
				VALIDATE_PRODUCT = YES;
			};
			name = Release;
		};
		717940A52719BAEC00736F44 /* Debug */ = {
			isa = XCBuildConfiguration;
			buildSettings = {
				ASSETCATALOG_COMPILER_APPICON_NAME = AppIcon;
				ASSETCATALOG_COMPILER_GLOBAL_ACCENT_COLOR_NAME = AccentColor;
				CODE_SIGN_STYLE = Automatic;
				CURRENT_PROJECT_VERSION = 1;
				DEVELOPMENT_TEAM = VX75476QM2;
				GENERATE_INFOPLIST_FILE = YES;
				INFOPLIST_FILE = FireChat/Info.plist;
				INFOPLIST_KEY_UIApplicationSupportsIndirectInputEvents = YES;
				INFOPLIST_KEY_UILaunchStoryboardName = LaunchScreen;
				INFOPLIST_KEY_UIMainStoryboardFile = Main;
				INFOPLIST_KEY_UISupportedInterfaceOrientations_iPad = "UIInterfaceOrientationPortrait UIInterfaceOrientationPortraitUpsideDown UIInterfaceOrientationLandscapeLeft UIInterfaceOrientationLandscapeRight";
				INFOPLIST_KEY_UISupportedInterfaceOrientations_iPhone = "UIInterfaceOrientationPortrait UIInterfaceOrientationLandscapeLeft UIInterfaceOrientationLandscapeRight";
				LD_RUNPATH_SEARCH_PATHS = (
					"$(inherited)",
					"@executable_path/Frameworks",
				);
				MARKETING_VERSION = 1.0;
				OTHER_LDFLAGS = "-ObjC";
				PRODUCT_BUNDLE_IDENTIFIER = "com.gmail-brunor.producao.FireChat";
				PRODUCT_NAME = "$(TARGET_NAME)";
				SWIFT_EMIT_LOC_STRINGS = YES;
				SWIFT_VERSION = 5.0;
				TARGETED_DEVICE_FAMILY = "1,2";
			};
			name = Debug;
		};
		717940A62719BAEC00736F44 /* Release */ = {
			isa = XCBuildConfiguration;
			buildSettings = {
				ASSETCATALOG_COMPILER_APPICON_NAME = AppIcon;
				ASSETCATALOG_COMPILER_GLOBAL_ACCENT_COLOR_NAME = AccentColor;
				CODE_SIGN_STYLE = Automatic;
				CURRENT_PROJECT_VERSION = 1;
				DEVELOPMENT_TEAM = VX75476QM2;
				GENERATE_INFOPLIST_FILE = YES;
				INFOPLIST_FILE = FireChat/Info.plist;
				INFOPLIST_KEY_UIApplicationSupportsIndirectInputEvents = YES;
				INFOPLIST_KEY_UILaunchStoryboardName = LaunchScreen;
				INFOPLIST_KEY_UIMainStoryboardFile = Main;
				INFOPLIST_KEY_UISupportedInterfaceOrientations_iPad = "UIInterfaceOrientationPortrait UIInterfaceOrientationPortraitUpsideDown UIInterfaceOrientationLandscapeLeft UIInterfaceOrientationLandscapeRight";
				INFOPLIST_KEY_UISupportedInterfaceOrientations_iPhone = "UIInterfaceOrientationPortrait UIInterfaceOrientationLandscapeLeft UIInterfaceOrientationLandscapeRight";
				LD_RUNPATH_SEARCH_PATHS = (
					"$(inherited)",
					"@executable_path/Frameworks",
				);
				MARKETING_VERSION = 1.0;
				OTHER_LDFLAGS = "-ObjC";
				PRODUCT_BUNDLE_IDENTIFIER = "com.gmail-brunor.producao.FireChat";
				PRODUCT_NAME = "$(TARGET_NAME)";
				SWIFT_EMIT_LOC_STRINGS = YES;
				SWIFT_VERSION = 5.0;
				TARGETED_DEVICE_FAMILY = "1,2";
			};
			name = Release;
		};
		717940A82719BAEC00736F44 /* Debug */ = {
			isa = XCBuildConfiguration;
			buildSettings = {
				ALWAYS_EMBED_SWIFT_STANDARD_LIBRARIES = YES;
				BUNDLE_LOADER = "$(TEST_HOST)";
				CODE_SIGN_STYLE = Automatic;
				CURRENT_PROJECT_VERSION = 1;
				DEVELOPMENT_TEAM = VX75476QM2;
				GENERATE_INFOPLIST_FILE = YES;
				IPHONEOS_DEPLOYMENT_TARGET = 15.0;
				LD_RUNPATH_SEARCH_PATHS = (
					"$(inherited)",
					"@executable_path/Frameworks",
					"@loader_path/Frameworks",
				);
				MARKETING_VERSION = 1.0;
				PRODUCT_BUNDLE_IDENTIFIER = "com.gmail-brunor.producao.FireChatTests";
				PRODUCT_NAME = "$(TARGET_NAME)";
				SWIFT_EMIT_LOC_STRINGS = NO;
				SWIFT_VERSION = 5.0;
				TARGETED_DEVICE_FAMILY = "1,2";
				TEST_HOST = "$(BUILT_PRODUCTS_DIR)/FireChat.app/FireChat";
			};
			name = Debug;
		};
		717940A92719BAEC00736F44 /* Release */ = {
			isa = XCBuildConfiguration;
			buildSettings = {
				ALWAYS_EMBED_SWIFT_STANDARD_LIBRARIES = YES;
				BUNDLE_LOADER = "$(TEST_HOST)";
				CODE_SIGN_STYLE = Automatic;
				CURRENT_PROJECT_VERSION = 1;
				DEVELOPMENT_TEAM = VX75476QM2;
				GENERATE_INFOPLIST_FILE = YES;
				IPHONEOS_DEPLOYMENT_TARGET = 15.0;
				LD_RUNPATH_SEARCH_PATHS = (
					"$(inherited)",
					"@executable_path/Frameworks",
					"@loader_path/Frameworks",
				);
				MARKETING_VERSION = 1.0;
				PRODUCT_BUNDLE_IDENTIFIER = "com.gmail-brunor.producao.FireChatTests";
				PRODUCT_NAME = "$(TARGET_NAME)";
				SWIFT_EMIT_LOC_STRINGS = NO;
				SWIFT_VERSION = 5.0;
				TARGETED_DEVICE_FAMILY = "1,2";
				TEST_HOST = "$(BUILT_PRODUCTS_DIR)/FireChat.app/FireChat";
			};
			name = Release;
		};
		717940AB2719BAEC00736F44 /* Debug */ = {
			isa = XCBuildConfiguration;
			buildSettings = {
				ALWAYS_EMBED_SWIFT_STANDARD_LIBRARIES = YES;
				CODE_SIGN_STYLE = Automatic;
				CURRENT_PROJECT_VERSION = 1;
				DEVELOPMENT_TEAM = VX75476QM2;
				GENERATE_INFOPLIST_FILE = YES;
				LD_RUNPATH_SEARCH_PATHS = (
					"$(inherited)",
					"@executable_path/Frameworks",
					"@loader_path/Frameworks",
				);
				MARKETING_VERSION = 1.0;
				PRODUCT_BUNDLE_IDENTIFIER = "com.gmail-brunor.producao.FireChatUITests";
				PRODUCT_NAME = "$(TARGET_NAME)";
				SWIFT_EMIT_LOC_STRINGS = NO;
				SWIFT_VERSION = 5.0;
				TARGETED_DEVICE_FAMILY = "1,2";
				TEST_TARGET_NAME = FireChat;
			};
			name = Debug;
		};
		717940AC2719BAEC00736F44 /* Release */ = {
			isa = XCBuildConfiguration;
			buildSettings = {
				ALWAYS_EMBED_SWIFT_STANDARD_LIBRARIES = YES;
				CODE_SIGN_STYLE = Automatic;
				CURRENT_PROJECT_VERSION = 1;
				DEVELOPMENT_TEAM = VX75476QM2;
				GENERATE_INFOPLIST_FILE = YES;
				LD_RUNPATH_SEARCH_PATHS = (
					"$(inherited)",
					"@executable_path/Frameworks",
					"@loader_path/Frameworks",
				);
				MARKETING_VERSION = 1.0;
				PRODUCT_BUNDLE_IDENTIFIER = "com.gmail-brunor.producao.FireChatUITests";
				PRODUCT_NAME = "$(TARGET_NAME)";
				SWIFT_EMIT_LOC_STRINGS = NO;
				SWIFT_VERSION = 5.0;
				TARGETED_DEVICE_FAMILY = "1,2";
				TEST_TARGET_NAME = FireChat;
			};
			name = Release;
		};
/* End XCBuildConfiguration section */

/* Begin XCConfigurationList section */
		717940752719BAEA00736F44 /* Build configuration list for PBXProject "FireChat" */ = {
			isa = XCConfigurationList;
			buildConfigurations = (
				717940A22719BAEC00736F44 /* Debug */,
				717940A32719BAEC00736F44 /* Release */,
			);
			defaultConfigurationIsVisible = 0;
			defaultConfigurationName = Release;
		};
		717940A42719BAEC00736F44 /* Build configuration list for PBXNativeTarget "FireChat" */ = {
			isa = XCConfigurationList;
			buildConfigurations = (
				717940A52719BAEC00736F44 /* Debug */,
				717940A62719BAEC00736F44 /* Release */,
			);
			defaultConfigurationIsVisible = 0;
			defaultConfigurationName = Release;
		};
		717940A72719BAEC00736F44 /* Build configuration list for PBXNativeTarget "FireChatTests" */ = {
			isa = XCConfigurationList;
			buildConfigurations = (
				717940A82719BAEC00736F44 /* Debug */,
				717940A92719BAEC00736F44 /* Release */,
			);
			defaultConfigurationIsVisible = 0;
			defaultConfigurationName = Release;
		};
		717940AA2719BAEC00736F44 /* Build configuration list for PBXNativeTarget "FireChatUITests" */ = {
			isa = XCConfigurationList;
			buildConfigurations = (
				717940AB2719BAEC00736F44 /* Debug */,
				717940AC2719BAEC00736F44 /* Release */,
			);
			defaultConfigurationIsVisible = 0;
			defaultConfigurationName = Release;
		};
/* End XCConfigurationList section */

/* Begin XCRemoteSwiftPackageReference section */
		71DA8A5C271CDC4A008946C3 /* XCRemoteSwiftPackageReference "firebase-ios-sdk" */ = {
			isa = XCRemoteSwiftPackageReference;
			repositoryURL = "https://github.com/firebase/firebase-ios-sdk.git";
			requirement = {
				kind = upToNextMajorVersion;
				minimumVersion = 8.0.0;
			};
		};
		71FB8B4E271DC678000A9542 /* XCRemoteSwiftPackageReference "JGProgressHUD" */ = {
			isa = XCRemoteSwiftPackageReference;
			repositoryURL = "https://github.com/JonasGessner/JGProgressHUD.git";
			requirement = {
				kind = upToNextMajorVersion;
				minimumVersion = 2.0.0;
			};
		};
		71FB8B59271E0AE6000A9542 /* XCRemoteSwiftPackageReference "SDWebImage" */ = {
			isa = XCRemoteSwiftPackageReference;
			repositoryURL = "https://github.com/SDWebImage/SDWebImage.git";
			requirement = {
				kind = upToNextMajorVersion;
				minimumVersion = 5.0.0;
			};
		};
/* End XCRemoteSwiftPackageReference section */

/* Begin XCSwiftPackageProductDependency section */
		71DA8A5D271CDC4A008946C3 /* FirebaseAnalytics */ = {
			isa = XCSwiftPackageProductDependency;
			package = 71DA8A5C271CDC4A008946C3 /* XCRemoteSwiftPackageReference "firebase-ios-sdk" */;
			productName = FirebaseAnalytics;
		};
		71DA8A5F271CDC4A008946C3 /* FirebaseAuth */ = {
			isa = XCSwiftPackageProductDependency;
			package = 71DA8A5C271CDC4A008946C3 /* XCRemoteSwiftPackageReference "firebase-ios-sdk" */;
			productName = FirebaseAuth;
		};
		71DA8A61271CDC4A008946C3 /* FirebaseDatabase */ = {
			isa = XCSwiftPackageProductDependency;
			package = 71DA8A5C271CDC4A008946C3 /* XCRemoteSwiftPackageReference "firebase-ios-sdk" */;
			productName = FirebaseDatabase;
		};
		71DA8A63271CDC4A008946C3 /* FirebaseFirestore */ = {
			isa = XCSwiftPackageProductDependency;
			package = 71DA8A5C271CDC4A008946C3 /* XCRemoteSwiftPackageReference "firebase-ios-sdk" */;
			productName = FirebaseFirestore;
		};
		71DA8A65271CDC4A008946C3 /* FirebaseStorage */ = {
			isa = XCSwiftPackageProductDependency;
			package = 71DA8A5C271CDC4A008946C3 /* XCRemoteSwiftPackageReference "firebase-ios-sdk" */;
			productName = FirebaseStorage;
		};
		71FB8B4F271DC678000A9542 /* JGProgressHUD */ = {
			isa = XCSwiftPackageProductDependency;
			package = 71FB8B4E271DC678000A9542 /* XCRemoteSwiftPackageReference "JGProgressHUD" */;
			productName = JGProgressHUD;
		};
		71FB8B5A271E0AE6000A9542 /* SDWebImage */ = {
			isa = XCSwiftPackageProductDependency;
			package = 71FB8B59271E0AE6000A9542 /* XCRemoteSwiftPackageReference "SDWebImage" */;
			productName = SDWebImage;
		};
		71FB8B5C271E0AE6000A9542 /* SDWebImageMapKit */ = {
			isa = XCSwiftPackageProductDependency;
			package = 71FB8B59271E0AE6000A9542 /* XCRemoteSwiftPackageReference "SDWebImage" */;
			productName = SDWebImageMapKit;
		};
/* End XCSwiftPackageProductDependency section */
	};
	rootObject = 717940722719BAEA00736F44 /* Project object */;
}
